
Microsoft Visual Studio Solution File, Format Version 12.00
# Visual Studio 15
Project("{FAE04EC0-301F-11D3-BF4B-00C04F79EFBC}") = "Assembly-CSharp", "Assembly-CSharp.csproj", "{5EF5C407-48AE-ED25-95B3-6AA03DD35408}"
EndProject
Project("{FAE04EC0-301F-11D3-BF4B-00C04F79EFBC}") = "Assembly-CSharp-firstpass", "Assembly-CSharp-firstpass.csproj", "{AF5D4492-3527-491C-3A4B-8708CEC96116}"
EndProject
Project("{FAE04EC0-301F-11D3-BF4B-00C04F79EFBC}") = "Assembly-CSharp-Editor-firstpass", "Assembly-CSharp-Editor-firstpass.csproj", "{99E00FFF-BA93-B0F6-2741-E4E2D6F6D1DD}"
EndProject
Global
	GlobalSection(SolutionConfigurationPlatforms) = preSolution
		Debug|Any CPU = Debug|Any CPU
		Release|Any CPU = Release|Any CPU
	EndGlobalSection
	GlobalSection(ProjectConfigurationPlatforms) = postSolution
		{5EF5C407-48AE-ED25-95B3-6AA03DD35408}.Debug|Any CPU.ActiveCfg = Debug|Any CPU
		{5EF5C407-48AE-ED25-95B3-6AA03DD35408}.Debug|Any CPU.Build.0 = Debug|Any CPU
		{5EF5C407-48AE-ED25-95B3-6AA03DD35408}.Release|Any CPU.ActiveCfg = Release|Any CPU
		{5EF5C407-48AE-ED25-95B3-6AA03DD35408}.Release|Any CPU.Build.0 = Release|Any CPU
		{AF5D4492-3527-491C-3A4B-8708CEC96116}.Debug|Any CPU.ActiveCfg = Debug|Any CPU
		{AF5D4492-3527-491C-3A4B-8708CEC96116}.Debug|Any CPU.Build.0 = Debug|Any CPU
		{AF5D4492-3527-491C-3A4B-8708CEC96116}.Release|Any CPU.ActiveCfg = Release|Any CPU
		{AF5D4492-3527-491C-3A4B-8708CEC96116}.Release|Any CPU.Build.0 = Release|Any CPU
		{99E00FFF-BA93-B0F6-2741-E4E2D6F6D1DD}.Debug|Any CPU.ActiveCfg = Debug|Any CPU
		{99E00FFF-BA93-B0F6-2741-E4E2D6F6D1DD}.Debug|Any CPU.Build.0 = Debug|Any CPU
		{99E00FFF-BA93-B0F6-2741-E4E2D6F6D1DD}.Release|Any CPU.ActiveCfg = Release|Any CPU
		{99E00FFF-BA93-B0F6-2741-E4E2D6F6D1DD}.Release|Any CPU.Build.0 = Release|Any CPU
	EndGlobalSection
	GlobalSection(SolutionProperties) = preSolution
		HideSolutionNode = FALSE
	EndGlobalSection
	GlobalSection(MonoDevelopProperties) = preSolution
		StartupItem = Assembly-CSharp.csproj
	EndGlobalSection
EndGlobal
