
Microsoft Visual Studio Solution File, Format Version 12.00
# Visual Studio Version 16
VisualStudioVersion = 16.0.31515.178
MinimumVisualStudioVersion = 10.0.40219.1
Project("{FAE04EC0-301F-11D3-BF4B-00C04F79EFBC}") = "Question2", "Question2\Question2.csproj", "{D1075F65-A425-4FB4-A13C-24E0B8470240}"
EndProject
Global
	GlobalSection(SolutionConfigurationPlatforms) = preSolution
		Debug|Any CPU = Debug|Any CPU
		Release|Any CPU = Release|Any CPU
	EndGlobalSection
	GlobalSection(ProjectConfigurationPlatforms) = postSolution
		{D1075F65-A425-4FB4-A13C-24E0B8470240}.Debug|Any CPU.ActiveCfg = Debug|Any CPU
		{D1075F65-A425-4FB4-A13C-24E0B8470240}.Debug|Any CPU.Build.0 = Debug|Any CPU
		{D1075F65-A425-4FB4-A13C-24E0B8470240}.Release|Any CPU.ActiveCfg = Release|Any CPU
		{D1075F65-A425-4FB4-A13C-24E0B8470240}.Release|Any CPU.Build.0 = Release|Any CPU
	EndGlobalSection
	GlobalSection(SolutionProperties) = preSolution
		HideSolutionNode = FALSE
	EndGlobalSection
	GlobalSection(ExtensibilityGlobals) = postSolution
		SolutionGuid = {08DC639E-A639-4E70-BE13-AC835A70CC65}
	EndGlobalSection
EndGlobal
