
Microsoft Visual Studio Solution File, Format Version 12.00
# Visual Studio Version 16
VisualStudioVersion = 16.0.31515.178
MinimumVisualStudioVersion = 10.0.40219.1
Project("{FAE04EC0-301F-11D3-BF4B-00C04F79EFBC}") = "Question1", "Question1\Question1.csproj", "{8F7AA0D0-C971-4D45-B224-5FE23604F73D}"
EndProject
Global
	GlobalSection(SolutionConfigurationPlatforms) = preSolution
		Debug|Any CPU = Debug|Any CPU
		Release|Any CPU = Release|Any CPU
	EndGlobalSection
	GlobalSection(ProjectConfigurationPlatforms) = postSolution
		{8F7AA0D0-C971-4D45-B224-5FE23604F73D}.Debug|Any CPU.ActiveCfg = Debug|Any CPU
		{8F7AA0D0-C971-4D45-B224-5FE23604F73D}.Debug|Any CPU.Build.0 = Debug|Any CPU
		{8F7AA0D0-C971-4D45-B224-5FE23604F73D}.Release|Any CPU.ActiveCfg = Release|Any CPU
		{8F7AA0D0-C971-4D45-B224-5FE23604F73D}.Release|Any CPU.Build.0 = Release|Any CPU
	EndGlobalSection
	GlobalSection(SolutionProperties) = preSolution
		HideSolutionNode = FALSE
	EndGlobalSection
	GlobalSection(ExtensibilityGlobals) = postSolution
		SolutionGuid = {41B6CFC2-55D5-4CE2-8D1D-0F4C77793B4A}
	EndGlobalSection
EndGlobal
