
Microsoft Visual Studio Solution File, Format Version 12.00
# Visual Studio Version 16
VisualStudioVersion = 16.0.31515.178
MinimumVisualStudioVersion = 10.0.40219.1
Project("{FAE04EC0-301F-11D3-BF4B-00C04F79EFBC}") = "Question3", "Question3\Question3.csproj", "{7AC24F4D-F7D8-4C15-8B3A-3337EC06FED9}"
EndProject
Global
	GlobalSection(SolutionConfigurationPlatforms) = preSolution
		Debug|Any CPU = Debug|Any CPU
		Release|Any CPU = Release|Any CPU
	EndGlobalSection
	GlobalSection(ProjectConfigurationPlatforms) = postSolution
		{7AC24F4D-F7D8-4C15-8B3A-3337EC06FED9}.Debug|Any CPU.ActiveCfg = Debug|Any CPU
		{7AC24F4D-F7D8-4C15-8B3A-3337EC06FED9}.Debug|Any CPU.Build.0 = Debug|Any CPU
		{7AC24F4D-F7D8-4C15-8B3A-3337EC06FED9}.Release|Any CPU.ActiveCfg = Release|Any CPU
		{7AC24F4D-F7D8-4C15-8B3A-3337EC06FED9}.Release|Any CPU.Build.0 = Release|Any CPU
	EndGlobalSection
	GlobalSection(SolutionProperties) = preSolution
		HideSolutionNode = FALSE
	EndGlobalSection
	GlobalSection(ExtensibilityGlobals) = postSolution
		SolutionGuid = {27D116CE-A8D0-4435-98E2-2523B9827CBD}
	EndGlobalSection
EndGlobal
